// !$*UTF8*$!
{
	archiveVersion = 1;
	classes = {
	};
	objectVersion = 46;
	objects = {

/* Begin PBXBuildFile section */
		732F63751A395C7000AB3A16 /* act_mask.c in Sources */ = {isa = PBXBuildFile; fileRef = 732F63671A395C7000AB3A16 /* act_mask.c */; };
		732F63761A395C7000AB3A16 /* blktrace.c in Sources */ = {isa = PBXBuildFile; fileRef = 732F63691A395C7000AB3A16 /* blktrace.c */; };
		732F63771A395C7000AB3A16 /* devices.c in Sources */ = {isa = PBXBuildFile; fileRef = 732F636B1A395C7000AB3A16 /* devices.c */; };
		732F63781A395C7000AB3A16 /* Makefile in Sources */ = {isa = PBXBuildFile; fileRef = 732F636D1A395C7000AB3A16 /* Makefile */; };
		732F63791A395C7000AB3A16 /* rbtree.c in Sources */ = {isa = PBXBuildFile; fileRef = 732F636E1A395C7000AB3A16 /* rbtree.c */; };
		732F637A1A395C7000AB3A16 /* serialization.c in Sources */ = {isa = PBXBuildFile; fileRef = 732F63701A395C7000AB3A16 /* serialization.c */; };
		732F637B1A395C7000AB3A16 /* socket_comm.c in Sources */ = {isa = PBXBuildFile; fileRef = 732F63721A395C7000AB3A16 /* socket_comm.c */; };
		732F637C1A395C7000AB3A16 /* valtio.c in Sources */ = {isa = PBXBuildFile; fileRef = 732F63741A395C7000AB3A16 /* valtio.c */; };
/* End PBXBuildFile section */

/* Begin PBXCopyFilesBuildPhase section */
		732F635B1A395C1000AB3A16 /* CopyFiles */ = {
			isa = PBXCopyFilesBuildPhase;
			buildActionMask = 2147483647;
			dstPath = /usr/share/man/man1/;
			dstSubfolderSpec = 0;
			files = (
			);
			runOnlyForDeploymentPostprocessing = 1;
		};
/* End PBXCopyFilesBuildPhase section */

/* Begin PBXFileReference section */
		732F635D1A395C1000AB3A16 /* valtio-server */ = {isa = PBXFileReference; explicitFileType = "compiled.mach-o.executable"; includeInIndex = 0; path = "valtio-server"; sourceTree = BUILT_PRODUCTS_DIR; };
		732F63671A395C7000AB3A16 /* act_mask.c */ = {isa = PBXFileReference; fileEncoding = 4; lastKnownFileType = sourcecode.c.c; path = act_mask.c; sourceTree = SOURCE_ROOT; };
		732F63681A395C7000AB3A16 /* blktrace_api.h */ = {isa = PBXFileReference; fileEncoding = 4; lastKnownFileType = sourcecode.c.h; path = blktrace_api.h; sourceTree = SOURCE_ROOT; };
		732F63691A395C7000AB3A16 /* blktrace.c */ = {isa = PBXFileReference; fileEncoding = 4; lastKnownFileType = sourcecode.c.c; path = blktrace.c; sourceTree = SOURCE_ROOT; };
		732F636A1A395C7000AB3A16 /* blktrace.h */ = {isa = PBXFileReference; fileEncoding = 4; lastKnownFileType = sourcecode.c.h; path = blktrace.h; sourceTree = SOURCE_ROOT; };
		732F636B1A395C7000AB3A16 /* devices.c */ = {isa = PBXFileReference; fileEncoding = 4; lastKnownFileType = sourcecode.c.c; path = devices.c; sourceTree = SOURCE_ROOT; };
		732F636C1A395C7000AB3A16 /* list.h */ = {isa = PBXFileReference; fileEncoding = 4; lastKnownFileType = sourcecode.c.h; path = list.h; sourceTree = SOURCE_ROOT; };
		732F636D1A395C7000AB3A16 /* Makefile */ = {isa = PBXFileReference; fileEncoding = 4; lastKnownFileType = sourcecode.make; path = Makefile; sourceTree = SOURCE_ROOT; };
		732F636E1A395C7000AB3A16 /* rbtree.c */ = {isa = PBXFileReference; fileEncoding = 4; lastKnownFileType = sourcecode.c.c; path = rbtree.c; sourceTree = SOURCE_ROOT; };
		732F636F1A395C7000AB3A16 /* rbtree.h */ = {isa = PBXFileReference; fileEncoding = 4; lastKnownFileType = sourcecode.c.h; path = rbtree.h; sourceTree = SOURCE_ROOT; };
		732F63701A395C7000AB3A16 /* serialization.c */ = {isa = PBXFileReference; fileEncoding = 4; lastKnownFileType = sourcecode.c.c; path = serialization.c; sourceTree = SOURCE_ROOT; };
		732F63711A395C7000AB3A16 /* serialization.h */ = {isa = PBXFileReference; fileEncoding = 4; lastKnownFileType = sourcecode.c.h; path = serialization.h; sourceTree = SOURCE_ROOT; };
		732F63721A395C7000AB3A16 /* socket_comm.c */ = {isa = PBXFileReference; fileEncoding = 4; lastKnownFileType = sourcecode.c.c; path = socket_comm.c; sourceTree = SOURCE_ROOT; };
		732F63731A395C7000AB3A16 /* socket_comm.h */ = {isa = PBXFileReference; fileEncoding = 4; lastKnownFileType = sourcecode.c.h; path = socket_comm.h; sourceTree = SOURCE_ROOT; };
		732F63741A395C7000AB3A16 /* valtio.c */ = {isa = PBXFileReference; fileEncoding = 4; lastKnownFileType = sourcecode.c.c; path = valtio.c; sourceTree = SOURCE_ROOT; };
		732F637E1A3963E800AB3A16 /* linux-client-proto */ = {isa = PBXFileReference; lastKnownFileType = folder; name = "linux-client-proto"; path = "../linux-client-proto"; sourceTree = "<group>"; };
		732F637F1A39657400AB3A16 /* issue.txt */ = {isa = PBXFileReference; fileEncoding = 4; lastKnownFileType = text; path = issue.txt; sourceTree = SOURCE_ROOT; };
/* End PBXFileReference section */

/* Begin PBXFrameworksBuildPhase section */
		732F635A1A395C1000AB3A16 /* Frameworks */ = {
			isa = PBXFrameworksBuildPhase;
			buildActionMask = 2147483647;
			files = (
			);
			runOnlyForDeploymentPostprocessing = 0;
		};
/* End PBXFrameworksBuildPhase section */

/* Begin PBXGroup section */
		732F63541A395C1000AB3A16 = {
			isa = PBXGroup;
			children = (
				732F637E1A3963E800AB3A16 /* linux-client-proto */,
				732F635F1A395C1000AB3A16 /* valtio-server */,
				732F635E1A395C1000AB3A16 /* Products */,
			);
			sourceTree = "<group>";
		};
		732F635E1A395C1000AB3A16 /* Products */ = {
			isa = PBXGroup;
			children = (
				732F635D1A395C1000AB3A16 /* valtio-server */,
			);
			name = Products;
			sourceTree = "<group>";
		};
		732F635F1A395C1000AB3A16 /* valtio-server */ = {
			isa = PBXGroup;
			children = (
				732F63671A395C7000AB3A16 /* act_mask.c */,
				732F63681A395C7000AB3A16 /* blktrace_api.h */,
				732F63691A395C7000AB3A16 /* blktrace.c */,
				732F636A1A395C7000AB3A16 /* blktrace.h */,
				732F636B1A395C7000AB3A16 /* devices.c */,
				732F636C1A395C7000AB3A16 /* list.h */,
				732F636D1A395C7000AB3A16 /* Makefile */,
				732F636E1A395C7000AB3A16 /* rbtree.c */,
				732F636F1A395C7000AB3A16 /* rbtree.h */,
				732F63701A395C7000AB3A16 /* serialization.c */,
				732F63711A395C7000AB3A16 /* serialization.h */,
				732F63721A395C7000AB3A16 /* socket_comm.c */,
				732F63731A395C7000AB3A16 /* socket_comm.h */,
				732F63741A395C7000AB3A16 /* valtio.c */,
				732F637F1A39657400AB3A16 /* issue.txt */,
			);
			path = "valtio-server";
			sourceTree = "<group>";
		};
/* End PBXGroup section */

/* Begin PBXNativeTarget section */
		732F635C1A395C1000AB3A16 /* valtio-server */ = {
			isa = PBXNativeTarget;
			buildConfigurationList = 732F63641A395C1000AB3A16 /* Build configuration list for PBXNativeTarget "valtio-server" */;
			buildPhases = (
				732F63591A395C1000AB3A16 /* Sources */,
				732F635A1A395C1000AB3A16 /* Frameworks */,
				732F635B1A395C1000AB3A16 /* CopyFiles */,
			);
			buildRules = (
			);
			dependencies = (
			);
			name = "valtio-server";
			productName = "valtio-server";
			productReference = 732F635D1A395C1000AB3A16 /* valtio-server */;
			productType = "com.apple.product-type.tool";
		};
/* End PBXNativeTarget section */

/* Begin PBXProject section */
		732F63551A395C1000AB3A16 /* Project object */ = {
			isa = PBXProject;
			attributes = {
				LastUpgradeCheck = 0610;
				ORGANIZATIONNAME = VALTIO;
				TargetAttributes = {
					732F635C1A395C1000AB3A16 = {
						CreatedOnToolsVersion = 6.1.1;
					};
				};
			};
			buildConfigurationList = 732F63581A395C1000AB3A16 /* Build configuration list for PBXProject "valtio-server" */;
			compatibilityVersion = "Xcode 3.2";
			developmentRegion = English;
			hasScannedForEncodings = 0;
			knownRegions = (
				en,
			);
			mainGroup = 732F63541A395C1000AB3A16;
			productRefGroup = 732F635E1A395C1000AB3A16 /* Products */;
			projectDirPath = "";
			projectRoot = "";
			targets = (
				732F635C1A395C1000AB3A16 /* valtio-server */,
			);
		};
/* End PBXProject section */

/* Begin PBXSourcesBuildPhase section */
		732F63591A395C1000AB3A16 /* Sources */ = {
			isa = PBXSourcesBuildPhase;
			buildActionMask = 2147483647;
			files = (
				732F637C1A395C7000AB3A16 /* valtio.c in Sources */,
				732F637A1A395C7000AB3A16 /* serialization.c in Sources */,
				732F63751A395C7000AB3A16 /* act_mask.c in Sources */,
				732F63771A395C7000AB3A16 /* devices.c in Sources */,
				732F63781A395C7000AB3A16 /* Makefile in Sources */,
				732F63761A395C7000AB3A16 /* blktrace.c in Sources */,
				732F63791A395C7000AB3A16 /* rbtree.c in Sources */,
				732F637B1A395C7000AB3A16 /* socket_comm.c in Sources */,
			);
			runOnlyForDeploymentPostprocessing = 0;
		};
/* End PBXSourcesBuildPhase section */

/* Begin XCBuildConfiguration section */
		732F63621A395C1000AB3A16 /* Debug */ = {
			isa = XCBuildConfiguration;
			buildSettings = {
				ALWAYS_SEARCH_USER_PATHS = NO;
				CLANG_CXX_LANGUAGE_STANDARD = "gnu++0x";
				CLANG_CXX_LIBRARY = "libc++";
				CLANG_ENABLE_MODULES = YES;
				CLANG_ENABLE_OBJC_ARC = YES;
				CLANG_WARN_BOOL_CONVERSION = YES;
				CLANG_WARN_CONSTANT_CONVERSION = YES;
				CLANG_WARN_DIRECT_OBJC_ISA_USAGE = YES_ERROR;
				CLANG_WARN_EMPTY_BODY = YES;
				CLANG_WARN_ENUM_CONVERSION = YES;
				CLANG_WARN_INT_CONVERSION = YES;
				CLANG_WARN_OBJC_ROOT_CLASS = YES_ERROR;
				CLANG_WARN_UNREACHABLE_CODE = YES;
				CLANG_WARN__DUPLICATE_METHOD_MATCH = YES;
				COPY_PHASE_STRIP = NO;
				ENABLE_STRICT_OBJC_MSGSEND = YES;
				GCC_C_LANGUAGE_STANDARD = gnu99;
				GCC_DYNAMIC_NO_PIC = NO;
				GCC_OPTIMIZATION_LEVEL = 0;
				GCC_PREPROCESSOR_DEFINITIONS = (
					"DEBUG=1",
					"$(inherited)",
				);
				GCC_SYMBOLS_PRIVATE_EXTERN = NO;
				GCC_WARN_64_TO_32_BIT_CONVERSION = YES;
				GCC_WARN_ABOUT_RETURN_TYPE = YES_ERROR;
				GCC_WARN_UNDECLARED_SELECTOR = YES;
				GCC_WARN_UNINITIALIZED_AUTOS = YES_AGGRESSIVE;
				GCC_WARN_UNUSED_FUNCTION = YES;
				GCC_WARN_UNUSED_VARIABLE = YES;
				MACOSX_DEPLOYMENT_TARGET = 10.10;
				MTL_ENABLE_DEBUG_INFO = YES;
				ONLY_ACTIVE_ARCH = YES;
				SDKROOT = macosx;
			};
			name = Debug;
		};
		732F63631A395C1000AB3A16 /* Release */ = {
			isa = XCBuildConfiguration;
			buildSettings = {
				ALWAYS_SEARCH_USER_PATHS = NO;
				CLANG_CXX_LANGUAGE_STANDARD = "gnu++0x";
				CLANG_CXX_LIBRARY = "libc++";
				CLANG_ENABLE_MODULES = YES;
				CLANG_ENABLE_OBJC_ARC = YES;
				CLANG_WARN_BOOL_CONVERSION = YES;
				CLANG_WARN_CONSTANT_CONVERSION = YES;
				CLANG_WARN_DIRECT_OBJC_ISA_USAGE = YES_ERROR;
				CLANG_WARN_EMPTY_BODY = YES;
				CLANG_WARN_ENUM_CONVERSION = YES;
				CLANG_WARN_INT_CONVERSION = YES;
				CLANG_WARN_OBJC_ROOT_CLASS = YES_ERROR;
				CLANG_WARN_UNREACHABLE_CODE = YES;
				CLANG_WARN__DUPLICATE_METHOD_MATCH = YES;
				COPY_PHASE_STRIP = YES;
				DEBUG_INFORMATION_FORMAT = "dwarf-with-dsym";
				ENABLE_NS_ASSERTIONS = NO;
				ENABLE_STRICT_OBJC_MSGSEND = YES;
				GCC_C_LANGUAGE_STANDARD = gnu99;
				GCC_WARN_64_TO_32_BIT_CONVERSION = YES;
				GCC_WARN_ABOUT_RETURN_TYPE = YES_ERROR;
				GCC_WARN_UNDECLARED_SELECTOR = YES;
				GCC_WARN_UNINITIALIZED_AUTOS = YES_AGGRESSIVE;
				GCC_WARN_UNUSED_FUNCTION = YES;
				GCC_WARN_UNUSED_VARIABLE = YES;
				MACOSX_DEPLOYMENT_TARGET = 10.10;
				MTL_ENABLE_DEBUG_INFO = NO;
				SDKROOT = macosx;
			};
			name = Release;
		};
		732F63651A395C1000AB3A16 /* Debug */ = {
			isa = XCBuildConfiguration;
			buildSettings = {
				PRODUCT_NAME = "$(TARGET_NAME)";
			};
			name = Debug;
		};
		732F63661A395C1000AB3A16 /* Release */ = {
			isa = XCBuildConfiguration;
			buildSettings = {
				PRODUCT_NAME = "$(TARGET_NAME)";
			};
			name = Release;
		};
/* End XCBuildConfiguration section */

/* Begin XCConfigurationList section */
		732F63581A395C1000AB3A16 /* Build configuration list for PBXProject "valtio-server" */ = {
			isa = XCConfigurationList;
			buildConfigurations = (
				732F63621A395C1000AB3A16 /* Debug */,
				732F63631A395C1000AB3A16 /* Release */,
			);
			defaultConfigurationIsVisible = 0;
			defaultConfigurationName = Release;
		};
		732F63641A395C1000AB3A16 /* Build configuration list for PBXNativeTarget "valtio-server" */ = {
			isa = XCConfigurationList;
			buildConfigurations = (
				732F63651A395C1000AB3A16 /* Debug */,
				732F63661A395C1000AB3A16 /* Release */,
			);
			defaultConfigurationIsVisible = 0;
			defaultConfigurationName = Release;
		};
/* End XCConfigurationList section */
	};
	rootObject = 732F63551A395C1000AB3A16 /* Project object */;
}
